
Microsoft Visual Studio Solution File, Format Version 12.00
# Visual Studio Version 17
VisualStudioVersion = 17.12.35514.174
MinimumVisualStudioVersion = 10.0.40219.1
Project("{FAE04EC0-301F-11D3-BF4B-00C04F79EFBC}") = "EmpreintCarbone.API", "EmpreintCarbone\EmpreintCarbone.API.csproj", "{F0057AAE-9515-478C-A48D-5ECF43502B98}"
EndProject
Project("{FAE04EC0-301F-11D3-BF4B-00C04F79EFBC}") = "EmpreintCarbone.Application", "EmpreintCarbone.Application\EmpreintCarbone.Application.csproj", "{BD74961B-C8E5-4638-8AD1-466895FA3749}"
EndProject
Project("{FAE04EC0-301F-11D3-BF4B-00C04F79EFBC}") = "EmpreintCarbone.Domain", "EmpreintCarbone.Domain\EmpreintCarbone.Domain.csproj", "{A22283C8-883A-4FB4-A796-19B94FD2BBAE}"
EndProject
Project("{FAE04EC0-301F-11D3-BF4B-00C04F79EFBC}") = "EmpreintCarbone.Infrastructure", "EmpreintCarbone.Infrastructure\EmpreintCarbone.Infrastructure.csproj", "{5EAAC4FB-2648-47D6-81B3-4D5FA49817B3}"
EndProject
Global
	GlobalSection(SolutionConfigurationPlatforms) = preSolution
		Debug|Any CPU = Debug|Any CPU
		Release|Any CPU = Release|Any CPU
	EndGlobalSection
	GlobalSection(ProjectConfigurationPlatforms) = postSolution
		{F0057AAE-9515-478C-A48D-5ECF43502B98}.Debug|Any CPU.ActiveCfg = Debug|Any CPU
		{F0057AAE-9515-478C-A48D-5ECF43502B98}.Debug|Any CPU.Build.0 = Debug|Any CPU
		{F0057AAE-9515-478C-A48D-5ECF43502B98}.Release|Any CPU.ActiveCfg = Release|Any CPU
		{F0057AAE-9515-478C-A48D-5ECF43502B98}.Release|Any CPU.Build.0 = Release|Any CPU
		{BD74961B-C8E5-4638-8AD1-466895FA3749}.Debug|Any CPU.ActiveCfg = Debug|Any CPU
		{BD74961B-C8E5-4638-8AD1-466895FA3749}.Debug|Any CPU.Build.0 = Debug|Any CPU
		{BD74961B-C8E5-4638-8AD1-466895FA3749}.Release|Any CPU.ActiveCfg = Release|Any CPU
		{BD74961B-C8E5-4638-8AD1-466895FA3749}.Release|Any CPU.Build.0 = Release|Any CPU
		{A22283C8-883A-4FB4-A796-19B94FD2BBAE}.Debug|Any CPU.ActiveCfg = Debug|Any CPU
		{A22283C8-883A-4FB4-A796-19B94FD2BBAE}.Debug|Any CPU.Build.0 = Debug|Any CPU
		{A22283C8-883A-4FB4-A796-19B94FD2BBAE}.Release|Any CPU.ActiveCfg = Release|Any CPU
		{A22283C8-883A-4FB4-A796-19B94FD2BBAE}.Release|Any CPU.Build.0 = Release|Any CPU
		{5EAAC4FB-2648-47D6-81B3-4D5FA49817B3}.Debug|Any CPU.ActiveCfg = Debug|Any CPU
		{5EAAC4FB-2648-47D6-81B3-4D5FA49817B3}.Debug|Any CPU.Build.0 = Debug|Any CPU
		{5EAAC4FB-2648-47D6-81B3-4D5FA49817B3}.Release|Any CPU.ActiveCfg = Release|Any CPU
		{5EAAC4FB-2648-47D6-81B3-4D5FA49817B3}.Release|Any CPU.Build.0 = Release|Any CPU
	EndGlobalSection
	GlobalSection(SolutionProperties) = preSolution
		HideSolutionNode = FALSE
	EndGlobalSection
EndGlobal
